
Microsoft Visual Studio Solution File, Format Version 12.00
# Visual Studio Version 16
VisualStudioVersion = 16.0.30503.244
MinimumVisualStudioVersion = 10.0.40219.1
Project("{2150E333-8FDC-42A3-9474-1A3956D46DE8}") = "src", "src", "{C76CAF50-A4ED-4779-B7C2-476B1F199866}"
EndProject
Project("{2150E333-8FDC-42A3-9474-1A3956D46DE8}") = "BuildingBlock", "BuildingBlock", "{4DDA9DD4-D3D7-43CE-8D65-6DBDDBD53DA7}"
EndProject
Project("{2150E333-8FDC-42A3-9474-1A3956D46DE8}") = "Services", "Services", "{06129C49-266F-4523-AE5E-CB905FA943F1}"
EndProject
Project("{2150E333-8FDC-42A3-9474-1A3956D46DE8}") = "Web", "Web", "{27172AEC-7E59-4AAC-934E-A664C7DB95D0}"
EndProject
Project("{2150E333-8FDC-42A3-9474-1A3956D46DE8}") = "Identidade", "Identidade", "{A329F4E6-0614-4CA4-8D2C-A284CCC4A49E}"
EndProject
Project("{9A19103F-16F7-4668-BE54-9A1E7A4F7556}") = "NSE.Identidade.API", "src\services\NSE.Identidade.API\NSE.Identidade.API.csproj", "{3A4E23A5-7B06-409C-AEE5-F54DCCD9FB31}"
EndProject
Project("{2150E333-8FDC-42A3-9474-1A3956D46DE8}") = "MVC", "MVC", "{0EC8989D-3B10-4276-BE4C-8034C924B791}"
EndProject
Project("{9A19103F-16F7-4668-BE54-9A1E7A4F7556}") = "NSE.WebApp.MVC", "src\web\NSE.WebApp.MVC\NSE.WebApp.MVC.csproj", "{EFF1C4CB-4F2C-4AAC-8F12-7079D2AA74EB}"
EndProject
Project("{2150E333-8FDC-42A3-9474-1A3956D46DE8}") = "Core", "Core", "{FF5959CA-F290-4D3C-BF6C-59BE9E7F1EEE}"
EndProject
Project("{9A19103F-16F7-4668-BE54-9A1E7A4F7556}") = "NSE.Core", "src\buildingBlocks\NSE.Core\NSE.Core.csproj", "{A501F44E-AFD5-4BE5-9B00-91856AF2DFA7}"
EndProject
Project("{2150E333-8FDC-42A3-9474-1A3956D46DE8}") = "Catalogo", "Catalogo", "{1787616C-2D66-4FD9-BAAE-E9CD4441EB96}"
EndProject
Project("{2150E333-8FDC-42A3-9474-1A3956D46DE8}") = "Cliente", "Cliente", "{305A00A2-7D30-474D-B822-9579541C39D4}"
EndProject
Project("{2150E333-8FDC-42A3-9474-1A3956D46DE8}") = "Pagamento", "Pagamento", "{0987F0FE-3C2B-4B26-9800-11FB87FF3459}"
EndProject
Project("{2150E333-8FDC-42A3-9474-1A3956D46DE8}") = "Carrinho", "Carrinho", "{762851E8-53E6-46EA-B573-00252F83230B}"
EndProject
Project("{2150E333-8FDC-42A3-9474-1A3956D46DE8}") = "Pedido", "Pedido", "{4002B5D1-243A-4217-9643-9E8CE6EE7801}"
EndProject
Project("{9A19103F-16F7-4668-BE54-9A1E7A4F7556}") = "NSE.Carrinho.API", "src\services\NSE.Carrinho.API\NSE.Carrinho.API.csproj", "{B35EDA95-FD47-469A-91B2-83E688A81DE2}"
EndProject
Project("{9A19103F-16F7-4668-BE54-9A1E7A4F7556}") = "NSE.Cliente.API", "src\services\NSE.Cliente.API\NSE.Cliente.API.csproj", "{E8E79FE9-DC54-4E45-9932-FB7F5CCB8EBE}"
EndProject
Project("{9A19103F-16F7-4668-BE54-9A1E7A4F7556}") = "NSE.Pagamento.API", "src\services\NSE.Pagamento.API\NSE.Pagamento.API.csproj", "{A8988BA3-8D88-4D4E-8FBC-DBA00A42263E}"
EndProject
Project("{9A19103F-16F7-4668-BE54-9A1E7A4F7556}") = "NSE.Pedido.API", "src\services\NSE.Pedido.API\NSE.Pedido.API.csproj", "{B7070D68-639F-4A4E-B7ED-99C7ECE83794}"
EndProject
Project("{9A19103F-16F7-4668-BE54-9A1E7A4F7556}") = "NSE.Catalogo.API", "src\services\NSE.Catalogo.API\NSE.Catalogo.API.csproj", "{AE24C6CB-9F8A-4DF1-B45A-A1DAAF944593}"
EndProject
Global
	GlobalSection(SolutionConfigurationPlatforms) = preSolution
		Debug|Any CPU = Debug|Any CPU
		Release|Any CPU = Release|Any CPU
	EndGlobalSection
	GlobalSection(ProjectConfigurationPlatforms) = postSolution
		{3A4E23A5-7B06-409C-AEE5-F54DCCD9FB31}.Debug|Any CPU.ActiveCfg = Debug|Any CPU
		{3A4E23A5-7B06-409C-AEE5-F54DCCD9FB31}.Debug|Any CPU.Build.0 = Debug|Any CPU
		{3A4E23A5-7B06-409C-AEE5-F54DCCD9FB31}.Release|Any CPU.ActiveCfg = Release|Any CPU
		{3A4E23A5-7B06-409C-AEE5-F54DCCD9FB31}.Release|Any CPU.Build.0 = Release|Any CPU
		{EFF1C4CB-4F2C-4AAC-8F12-7079D2AA74EB}.Debug|Any CPU.ActiveCfg = Debug|Any CPU
		{EFF1C4CB-4F2C-4AAC-8F12-7079D2AA74EB}.Debug|Any CPU.Build.0 = Debug|Any CPU
		{EFF1C4CB-4F2C-4AAC-8F12-7079D2AA74EB}.Release|Any CPU.ActiveCfg = Release|Any CPU
		{EFF1C4CB-4F2C-4AAC-8F12-7079D2AA74EB}.Release|Any CPU.Build.0 = Release|Any CPU
		{A501F44E-AFD5-4BE5-9B00-91856AF2DFA7}.Debug|Any CPU.ActiveCfg = Debug|Any CPU
		{A501F44E-AFD5-4BE5-9B00-91856AF2DFA7}.Debug|Any CPU.Build.0 = Debug|Any CPU
		{A501F44E-AFD5-4BE5-9B00-91856AF2DFA7}.Release|Any CPU.ActiveCfg = Release|Any CPU
		{A501F44E-AFD5-4BE5-9B00-91856AF2DFA7}.Release|Any CPU.Build.0 = Release|Any CPU
		{B35EDA95-FD47-469A-91B2-83E688A81DE2}.Debug|Any CPU.ActiveCfg = Debug|Any CPU
		{B35EDA95-FD47-469A-91B2-83E688A81DE2}.Debug|Any CPU.Build.0 = Debug|Any CPU
		{B35EDA95-FD47-469A-91B2-83E688A81DE2}.Release|Any CPU.ActiveCfg = Release|Any CPU
		{B35EDA95-FD47-469A-91B2-83E688A81DE2}.Release|Any CPU.Build.0 = Release|Any CPU
		{E8E79FE9-DC54-4E45-9932-FB7F5CCB8EBE}.Debug|Any CPU.ActiveCfg = Debug|Any CPU
		{E8E79FE9-DC54-4E45-9932-FB7F5CCB8EBE}.Debug|Any CPU.Build.0 = Debug|Any CPU
		{E8E79FE9-DC54-4E45-9932-FB7F5CCB8EBE}.Release|Any CPU.ActiveCfg = Release|Any CPU
		{E8E79FE9-DC54-4E45-9932-FB7F5CCB8EBE}.Release|Any CPU.Build.0 = Release|Any CPU
		{A8988BA3-8D88-4D4E-8FBC-DBA00A42263E}.Debug|Any CPU.ActiveCfg = Debug|Any CPU
		{A8988BA3-8D88-4D4E-8FBC-DBA00A42263E}.Debug|Any CPU.Build.0 = Debug|Any CPU
		{A8988BA3-8D88-4D4E-8FBC-DBA00A42263E}.Release|Any CPU.ActiveCfg = Release|Any CPU
		{A8988BA3-8D88-4D4E-8FBC-DBA00A42263E}.Release|Any CPU.Build.0 = Release|Any CPU
		{B7070D68-639F-4A4E-B7ED-99C7ECE83794}.Debug|Any CPU.ActiveCfg = Debug|Any CPU
		{B7070D68-639F-4A4E-B7ED-99C7ECE83794}.Debug|Any CPU.Build.0 = Debug|Any CPU
		{B7070D68-639F-4A4E-B7ED-99C7ECE83794}.Release|Any CPU.ActiveCfg = Release|Any CPU
		{B7070D68-639F-4A4E-B7ED-99C7ECE83794}.Release|Any CPU.Build.0 = Release|Any CPU
		{AE24C6CB-9F8A-4DF1-B45A-A1DAAF944593}.Debug|Any CPU.ActiveCfg = Debug|Any CPU
		{AE24C6CB-9F8A-4DF1-B45A-A1DAAF944593}.Debug|Any CPU.Build.0 = Debug|Any CPU
		{AE24C6CB-9F8A-4DF1-B45A-A1DAAF944593}.Release|Any CPU.ActiveCfg = Release|Any CPU
		{AE24C6CB-9F8A-4DF1-B45A-A1DAAF944593}.Release|Any CPU.Build.0 = Release|Any CPU
	EndGlobalSection
	GlobalSection(SolutionProperties) = preSolution
		HideSolutionNode = FALSE
	EndGlobalSection
	GlobalSection(NestedProjects) = preSolution
		{4DDA9DD4-D3D7-43CE-8D65-6DBDDBD53DA7} = {C76CAF50-A4ED-4779-B7C2-476B1F199866}
		{06129C49-266F-4523-AE5E-CB905FA943F1} = {C76CAF50-A4ED-4779-B7C2-476B1F199866}
		{27172AEC-7E59-4AAC-934E-A664C7DB95D0} = {C76CAF50-A4ED-4779-B7C2-476B1F199866}
		{A329F4E6-0614-4CA4-8D2C-A284CCC4A49E} = {06129C49-266F-4523-AE5E-CB905FA943F1}
		{3A4E23A5-7B06-409C-AEE5-F54DCCD9FB31} = {A329F4E6-0614-4CA4-8D2C-A284CCC4A49E}
		{0EC8989D-3B10-4276-BE4C-8034C924B791} = {27172AEC-7E59-4AAC-934E-A664C7DB95D0}
		{EFF1C4CB-4F2C-4AAC-8F12-7079D2AA74EB} = {0EC8989D-3B10-4276-BE4C-8034C924B791}
		{FF5959CA-F290-4D3C-BF6C-59BE9E7F1EEE} = {4DDA9DD4-D3D7-43CE-8D65-6DBDDBD53DA7}
		{A501F44E-AFD5-4BE5-9B00-91856AF2DFA7} = {FF5959CA-F290-4D3C-BF6C-59BE9E7F1EEE}
		{1787616C-2D66-4FD9-BAAE-E9CD4441EB96} = {06129C49-266F-4523-AE5E-CB905FA943F1}
		{305A00A2-7D30-474D-B822-9579541C39D4} = {06129C49-266F-4523-AE5E-CB905FA943F1}
		{0987F0FE-3C2B-4B26-9800-11FB87FF3459} = {06129C49-266F-4523-AE5E-CB905FA943F1}
		{762851E8-53E6-46EA-B573-00252F83230B} = {06129C49-266F-4523-AE5E-CB905FA943F1}
		{4002B5D1-243A-4217-9643-9E8CE6EE7801} = {06129C49-266F-4523-AE5E-CB905FA943F1}
		{B35EDA95-FD47-469A-91B2-83E688A81DE2} = {762851E8-53E6-46EA-B573-00252F83230B}
		{E8E79FE9-DC54-4E45-9932-FB7F5CCB8EBE} = {305A00A2-7D30-474D-B822-9579541C39D4}
		{A8988BA3-8D88-4D4E-8FBC-DBA00A42263E} = {0987F0FE-3C2B-4B26-9800-11FB87FF3459}
		{B7070D68-639F-4A4E-B7ED-99C7ECE83794} = {4002B5D1-243A-4217-9643-9E8CE6EE7801}
		{AE24C6CB-9F8A-4DF1-B45A-A1DAAF944593} = {1787616C-2D66-4FD9-BAAE-E9CD4441EB96}
	EndGlobalSection
	GlobalSection(ExtensibilityGlobals) = postSolution
		SolutionGuid = {D26E559F-C9B4-4AC4-9C57-D4B706DF81D7}
	EndGlobalSection
EndGlobal
